
Microsoft Visual Studio Solution File, Format Version 12.00
# Visual Studio Version 16
VisualStudioVersion = 16.0.30204.135
MinimumVisualStudioVersion = 10.0.40219.1
Project("{FAE04EC0-301F-11D3-BF4B-00C04F79EFBC}") = "ClassMethodDemo", "ClassMethodDemo\ClassMethodDemo.csproj", "{0B825D1F-8553-4688-938F-A2E0C35AA57F}"
EndProject
Global
	GlobalSection(SolutionConfigurationPlatforms) = preSolution
		Debug|Any CPU = Debug|Any CPU
		Release|Any CPU = Release|Any CPU
	EndGlobalSection
	GlobalSection(ProjectConfigurationPlatforms) = postSolution
		{0B825D1F-8553-4688-938F-A2E0C35AA57F}.Debug|Any CPU.ActiveCfg = Debug|Any CPU
		{0B825D1F-8553-4688-938F-A2E0C35AA57F}.Debug|Any CPU.Build.0 = Debug|Any CPU
		{0B825D1F-8553-4688-938F-A2E0C35AA57F}.Release|Any CPU.ActiveCfg = Release|Any CPU
		{0B825D1F-8553-4688-938F-A2E0C35AA57F}.Release|Any CPU.Build.0 = Release|Any CPU
	EndGlobalSection
	GlobalSection(SolutionProperties) = preSolution
		HideSolutionNode = FALSE
	EndGlobalSection
	GlobalSection(ExtensibilityGlobals) = postSolution
		SolutionGuid = {DC401924-E485-4F60-90A3-535F12C2B42B}
	EndGlobalSection
EndGlobal
